<?xml version="1.0" encoding="utf-8"?>
<Project ToolsVersion="4.0" xmlns="http://schemas.microsoft.com/developer/msbuild/2003">
  <ItemGroup>
    <Filter Include="Source Files">
      <UniqueIdentifier>{4FC737F1-C7A5-4376-A066-2A32D752A2FF}</UniqueIdentifier>
      <Extensions>cpp;c;cc;cxx;c++;def;odl;idl;hpj;bat;asm;asmx</Extensions>
    </Filter>
    <Filter Include="Header Files">
      <UniqueIdentifier>{93995380-89BD-4b04-88EB-625FBE52EBFB}</UniqueIdentifier>
      <Extensions>h;hh;hpp;hxx;h++;hm;inl;inc;ipp;xsd</Extensions>
    </Filter>
    <Filter Include="arrow">
      <UniqueIdentifier>{67DA6AB6-F800-4c08-8B7A-83BB121AAD01}</UniqueIdentifier>
      <Extensions>rc;ico;cur;bmp;dlg;rc2;rct;bin;rgs;gif;jpg;jpeg;jpe;resx;tiff;tif;png;wav;mfcribbon-ms</Extensions>
    </Filter>
  </ItemGroup>
  <ItemGroup>
    <ClInclude Include="..\..\kdb\c\c\k.h">
      <Filter>Header Files</Filter>
    </ClInclude>
    <ClInclude Include="..\src\ArrayWriter.h">
      <Filter>Header Files</Filter>
    </ClInclude>
    <ClInclude Include="..\src\ArrayReader.h">
      <Filter>Header Files</Filter>
    </ClInclude>
    <ClInclude Include="..\src\ArrowKdb.h">
      <Filter>Header Files</Filter>
    </ClInclude>
    <ClInclude Include="..\src\DatatypeStore.h">
      <Filter>Header Files</Filter>
    </ClInclude>
    <ClInclude Include="..\src\FieldStore.h">
      <Filter>Header Files</Filter>
    </ClInclude>
    <ClInclude Include="..\src\GenericStore.h">
      <Filter>Header Files</Filter>
    </ClInclude>
    <ClInclude Include="..\src\SchemaStore.h">
      <Filter>Header Files</Filter>
    </ClInclude>
    <ClInclude Include="..\src\HelperFunctions.h">
      <Filter>Header Files</Filter>
    </ClInclude>
    <ClInclude Include="..\src\TableData.h">
      <Filter>Header Files</Filter>
    </ClInclude>
    <ClInclude Include="..\src\TypeCheck.h">
      <Filter>Header Files</Filter>
    </ClInclude>
    <ClInclude Include="..\..\arrow\cpp\install\include\arrow\array\array_nested.h">
      <Filter>arrow</Filter>
    </ClInclude>
    <ClInclude Include="..\..\arrow\cpp\install\include\arrow\util\basic_decimal.h">
      <Filter>arrow</Filter>
    </ClInclude>
    <ClInclude Include="..\..\arrow\cpp\install\include\arrow\array\builder_binary.h">
      <Filter>arrow</Filter>
    </ClInclude>
    <ClInclude Include="..\..\arrow\cpp\install\include\arrow\array\builder_nested.h">
      <Filter>arrow</Filter>
    </ClInclude>
    <ClInclude Include="..\..\arrow\cpp\install\include\arrow\type.h">
      <Filter>arrow</Filter>
    </ClInclude>
    <ClInclude Include="..\..\arrow\cpp\install\include\arrow\type_fwd.h">
      <Filter>arrow</Filter>
    </ClInclude>
    <ClInclude Include="..\..\arrow\cpp\install\include\arrow\table.h">
      <Filter>arrow</Filter>
    </ClInclude>
    <ClInclude Include="..\src\KdbOptions.h">
      <Filter>Header Files</Filter>
    </ClInclude>
    <ClInclude Include="..\..\arrow\cpp\install\include\arrow\config.h">
      <Filter>arrow</Filter>
    </ClInclude>
  </ItemGroup>
  <ItemGroup>
    <ClCompile Include="..\src\ArrayWriter.cpp">
      <Filter>Source Files</Filter>
    </ClCompile>
    <ClCompile Include="..\src\ArrayReader.cpp">
      <Filter>Source Files</Filter>
    </ClCompile>
    <ClCompile Include="..\src\ArrowKdb.cpp">
      <Filter>Source Files</Filter>
    </ClCompile>
    <ClCompile Include="..\src\DatatypeStore.cpp">
      <Filter>Source Files</Filter>
    </ClCompile>
    <ClCompile Include="..\src\FieldStore.cpp">
      <Filter>Source Files</Filter>
    </ClCompile>
    <ClCompile Include="..\src\SchemaStore.cpp">
      <Filter>Source Files</Filter>
    </ClCompile>
    <ClCompile Include="..\src\HelperFunctions.cpp">
      <Filter>Source Files</Filter>
    </ClCompile>
    <ClCompile Include="..\src\TableData.cpp">
      <Filter>Source Files</Filter>
    </ClCompile>
  </ItemGroup>
</Project>